
Microsoft Visual Studio Solution File, Format Version 12.00
# Visual Studio Version 17
VisualStudioVersion = 17.8.34330.188
MinimumVisualStudioVersion = 10.0.40219.1
Project("{FAE04EC0-301F-11D3-BF4B-00C04F79EFBC}") = "basicMongoDBandMiddleware", "MongoDBandMiddleware\basicMongoDBandMiddleware.csproj", "{0C69C07E-E9CA-4AAC-A031-47B3A2CB3E93}"
EndProject
Project("{FAE04EC0-301F-11D3-BF4B-00C04F79EFBC}") = "Entities", "Entities\Entities.csproj", "{B6B19D09-4A62-42C7-92DF-6C0D46671611}"
EndProject
Project("{FAE04EC0-301F-11D3-BF4B-00C04F79EFBC}") = "Services", "Service\Services.csproj", "{FDBD0525-FAB4-42FF-82C2-EE70C428949B}"
EndProject
Project("{FAE04EC0-301F-11D3-BF4B-00C04F79EFBC}") = "ServiceContracts", "ServiceContracts\ServiceContracts.csproj", "{3CCCE48B-821C-49DF-B3FC-FE3A271E8D7F}"
EndProject
Global
	GlobalSection(SolutionConfigurationPlatforms) = preSolution
		Debug|Any CPU = Debug|Any CPU
		Release|Any CPU = Release|Any CPU
	EndGlobalSection
	GlobalSection(ProjectConfigurationPlatforms) = postSolution
		{0C69C07E-E9CA-4AAC-A031-47B3A2CB3E93}.Debug|Any CPU.ActiveCfg = Debug|Any CPU
		{0C69C07E-E9CA-4AAC-A031-47B3A2CB3E93}.Debug|Any CPU.Build.0 = Debug|Any CPU
		{0C69C07E-E9CA-4AAC-A031-47B3A2CB3E93}.Release|Any CPU.ActiveCfg = Release|Any CPU
		{0C69C07E-E9CA-4AAC-A031-47B3A2CB3E93}.Release|Any CPU.Build.0 = Release|Any CPU
		{B6B19D09-4A62-42C7-92DF-6C0D46671611}.Debug|Any CPU.ActiveCfg = Debug|Any CPU
		{B6B19D09-4A62-42C7-92DF-6C0D46671611}.Debug|Any CPU.Build.0 = Debug|Any CPU
		{B6B19D09-4A62-42C7-92DF-6C0D46671611}.Release|Any CPU.ActiveCfg = Release|Any CPU
		{B6B19D09-4A62-42C7-92DF-6C0D46671611}.Release|Any CPU.Build.0 = Release|Any CPU
		{FDBD0525-FAB4-42FF-82C2-EE70C428949B}.Debug|Any CPU.ActiveCfg = Debug|Any CPU
		{FDBD0525-FAB4-42FF-82C2-EE70C428949B}.Debug|Any CPU.Build.0 = Debug|Any CPU
		{FDBD0525-FAB4-42FF-82C2-EE70C428949B}.Release|Any CPU.ActiveCfg = Release|Any CPU
		{FDBD0525-FAB4-42FF-82C2-EE70C428949B}.Release|Any CPU.Build.0 = Release|Any CPU
		{3CCCE48B-821C-49DF-B3FC-FE3A271E8D7F}.Debug|Any CPU.ActiveCfg = Debug|Any CPU
		{3CCCE48B-821C-49DF-B3FC-FE3A271E8D7F}.Debug|Any CPU.Build.0 = Debug|Any CPU
		{3CCCE48B-821C-49DF-B3FC-FE3A271E8D7F}.Release|Any CPU.ActiveCfg = Release|Any CPU
		{3CCCE48B-821C-49DF-B3FC-FE3A271E8D7F}.Release|Any CPU.Build.0 = Release|Any CPU
	EndGlobalSection
	GlobalSection(SolutionProperties) = preSolution
		HideSolutionNode = FALSE
	EndGlobalSection
	GlobalSection(ExtensibilityGlobals) = postSolution
		SolutionGuid = {04DFE622-6157-4315-A04B-7B8B572FB1F4}
	EndGlobalSection
EndGlobal
